// !$*UTF8*$!
{
	archiveVersion = 1;
	classes = {
	};
	objectVersion = 46;
	objects = {

/* Begin PBXBuildFile section */
		132BABCA19C11F1C007C8ECD /* Foundation.framework in Frameworks */ = {isa = PBXBuildFile; fileRef = 132BABC919C11F1C007C8ECD /* Foundation.framework */; };
		132BABCC19C11F1C007C8ECD /* CoreGraphics.framework in Frameworks */ = {isa = PBXBuildFile; fileRef = 132BABCB19C11F1C007C8ECD /* CoreGraphics.framework */; };
		132BABCE19C11F1C007C8ECD /* UIKit.framework in Frameworks */ = {isa = PBXBuildFile; fileRef = 132BABCD19C11F1C007C8ECD /* UIKit.framework */; };
		132BABD419C11F1C007C8ECD /* InfoPlist.strings in Resources */ = {isa = PBXBuildFile; fileRef = 132BABD219C11F1C007C8ECD /* InfoPlist.strings */; };
		132BABD619C11F1C007C8ECD /* main.m in Sources */ = {isa = PBXBuildFile; fileRef = 132BABD519C11F1C007C8ECD /* main.m */; };
		132BABDA19C11F1C007C8ECD /* AMAppDelegate.m in Sources */ = {isa = PBXBuildFile; fileRef = 132BABD919C11F1C007C8ECD /* AMAppDelegate.m */; };
		132BABDC19C11F1C007C8ECD /* Images.xcassets in Resources */ = {isa = PBXBuildFile; fileRef = 132BABDB19C11F1C007C8ECD /* Images.xcassets */; };
		132BABE319C11F1C007C8ECD /* XCTest.framework in Frameworks */ = {isa = PBXBuildFile; fileRef = 132BABE219C11F1C007C8ECD /* XCTest.framework */; };
		132BABE419C11F1C007C8ECD /* Foundation.framework in Frameworks */ = {isa = PBXBuildFile; fileRef = 132BABC919C11F1C007C8ECD /* Foundation.framework */; };
		132BABE519C11F1C007C8ECD /* UIKit.framework in Frameworks */ = {isa = PBXBuildFile; fileRef = 132BABCD19C11F1C007C8ECD /* UIKit.framework */; };
		132BABED19C11F1C007C8ECD /* InfoPlist.strings in Resources */ = {isa = PBXBuildFile; fileRef = 132BABEB19C11F1C007C8ECD /* InfoPlist.strings */; };
		132BABEF19C11F1C007C8ECD /* ViewControlTests.m in Sources */ = {isa = PBXBuildFile; fileRef = 132BABEE19C11F1C007C8ECD /* ViewControlTests.m */; };
		132BABFA19C121C7007C8ECD /* AMSImpleView.m in Sources */ = {isa = PBXBuildFile; fileRef = 132BABF919C121C7007C8ECD /* AMSImpleView.m */; };
/* End PBXBuildFile section */

/* Begin PBXContainerItemProxy section */
		132BABE619C11F1C007C8ECD /* PBXContainerItemProxy */ = {
			isa = PBXContainerItemProxy;
			containerPortal = 132BABBE19C11F1C007C8ECD /* Project object */;
			proxyType = 1;
			remoteGlobalIDString = 132BABC519C11F1C007C8ECD;
			remoteInfo = ViewControl;
		};
/* End PBXContainerItemProxy section */

/* Begin PBXFileReference section */
		132BABC619C11F1C007C8ECD /* ViewControl.app */ = {isa = PBXFileReference; explicitFileType = wrapper.application; includeInIndex = 0; path = ViewControl.app; sourceTree = BUILT_PRODUCTS_DIR; };
		132BABC919C11F1C007C8ECD /* Foundation.framework */ = {isa = PBXFileReference; lastKnownFileType = wrapper.framework; name = Foundation.framework; path = System/Library/Frameworks/Foundation.framework; sourceTree = SDKROOT; };
		132BABCB19C11F1C007C8ECD /* CoreGraphics.framework */ = {isa = PBXFileReference; lastKnownFileType = wrapper.framework; name = CoreGraphics.framework; path = System/Library/Frameworks/CoreGraphics.framework; sourceTree = SDKROOT; };
		132BABCD19C11F1C007C8ECD /* UIKit.framework */ = {isa = PBXFileReference; lastKnownFileType = wrapper.framework; name = UIKit.framework; path = System/Library/Frameworks/UIKit.framework; sourceTree = SDKROOT; };
		132BABD119C11F1C007C8ECD /* ViewControl-Info.plist */ = {isa = PBXFileReference; lastKnownFileType = text.plist.xml; path = "ViewControl-Info.plist"; sourceTree = "<group>"; };
		132BABD319C11F1C007C8ECD /* en */ = {isa = PBXFileReference; lastKnownFileType = text.plist.strings; name = en; path = en.lproj/InfoPlist.strings; sourceTree = "<group>"; };
		132BABD519C11F1C007C8ECD /* main.m */ = {isa = PBXFileReference; lastKnownFileType = sourcecode.c.objc; path = main.m; sourceTree = "<group>"; };
		132BABD719C11F1C007C8ECD /* ViewControl-Prefix.pch */ = {isa = PBXFileReference; lastKnownFileType = sourcecode.c.h; path = "ViewControl-Prefix.pch"; sourceTree = "<group>"; };
		132BABD819C11F1C007C8ECD /* AMAppDelegate.h */ = {isa = PBXFileReference; lastKnownFileType = sourcecode.c.h; path = AMAppDelegate.h; sourceTree = "<group>"; };
		132BABD919C11F1C007C8ECD /* AMAppDelegate.m */ = {isa = PBXFileReference; lastKnownFileType = sourcecode.c.objc; path = AMAppDelegate.m; sourceTree = "<group>"; };
		132BABDB19C11F1C007C8ECD /* Images.xcassets */ = {isa = PBXFileReference; lastKnownFileType = folder.assetcatalog; path = Images.xcassets; sourceTree = "<group>"; };
		132BABE119C11F1C007C8ECD /* ViewControlTests.xctest */ = {isa = PBXFileReference; explicitFileType = wrapper.cfbundle; includeInIndex = 0; path = ViewControlTests.xctest; sourceTree = BUILT_PRODUCTS_DIR; };
		132BABE219C11F1C007C8ECD /* XCTest.framework */ = {isa = PBXFileReference; lastKnownFileType = wrapper.framework; name = XCTest.framework; path = Library/Frameworks/XCTest.framework; sourceTree = DEVELOPER_DIR; };
		132BABEA19C11F1C007C8ECD /* ViewControlTests-Info.plist */ = {isa = PBXFileReference; lastKnownFileType = text.plist.xml; path = "ViewControlTests-Info.plist"; sourceTree = "<group>"; };
		132BABEC19C11F1C007C8ECD /* en */ = {isa = PBXFileReference; lastKnownFileType = text.plist.strings; name = en; path = en.lproj/InfoPlist.strings; sourceTree = "<group>"; };
		132BABEE19C11F1C007C8ECD /* ViewControlTests.m */ = {isa = PBXFileReference; lastKnownFileType = sourcecode.c.objc; path = ViewControlTests.m; sourceTree = "<group>"; };
		132BABF819C121C7007C8ECD /* AMSImpleView.h */ = {isa = PBXFileReference; fileEncoding = 4; lastKnownFileType = sourcecode.c.h; path = AMSImpleView.h; sourceTree = "<group>"; };
		132BABF919C121C7007C8ECD /* AMSImpleView.m */ = {isa = PBXFileReference; fileEncoding = 4; lastKnownFileType = sourcecode.c.objc; path = AMSImpleView.m; sourceTree = "<group>"; };
/* End PBXFileReference section */

/* Begin PBXFrameworksBuildPhase section */
		132BABC319C11F1C007C8ECD /* Frameworks */ = {
			isa = PBXFrameworksBuildPhase;
			buildActionMask = 2147483647;
			files = (
				132BABCC19C11F1C007C8ECD /* CoreGraphics.framework in Frameworks */,
				132BABCE19C11F1C007C8ECD /* UIKit.framework in Frameworks */,
				132BABCA19C11F1C007C8ECD /* Foundation.framework in Frameworks */,
			);
			runOnlyForDeploymentPostprocessing = 0;
		};
		132BABDE19C11F1C007C8ECD /* Frameworks */ = {
			isa = PBXFrameworksBuildPhase;
			buildActionMask = 2147483647;
			files = (
				132BABE319C11F1C007C8ECD /* XCTest.framework in Frameworks */,
				132BABE519C11F1C007C8ECD /* UIKit.framework in Frameworks */,
				132BABE419C11F1C007C8ECD /* Foundation.framework in Frameworks */,
			);
			runOnlyForDeploymentPostprocessing = 0;
		};
/* End PBXFrameworksBuildPhase section */

/* Begin PBXGroup section */
		132BABBD19C11F1C007C8ECD = {
			isa = PBXGroup;
			children = (
				132BABCF19C11F1C007C8ECD /* ViewControl */,
				132BABE819C11F1C007C8ECD /* ViewControlTests */,
				132BABC819C11F1C007C8ECD /* Frameworks */,
				132BABC719C11F1C007C8ECD /* Products */,
			);
			sourceTree = "<group>";
		};
		132BABC719C11F1C007C8ECD /* Products */ = {
			isa = PBXGroup;
			children = (
				132BABC619C11F1C007C8ECD /* ViewControl.app */,
				132BABE119C11F1C007C8ECD /* ViewControlTests.xctest */,
			);
			name = Products;
			sourceTree = "<group>";
		};
		132BABC819C11F1C007C8ECD /* Frameworks */ = {
			isa = PBXGroup;
			children = (
				132BABC919C11F1C007C8ECD /* Foundation.framework */,
				132BABCB19C11F1C007C8ECD /* CoreGraphics.framework */,
				132BABCD19C11F1C007C8ECD /* UIKit.framework */,
				132BABE219C11F1C007C8ECD /* XCTest.framework */,
			);
			name = Frameworks;
			sourceTree = "<group>";
		};
		132BABCF19C11F1C007C8ECD /* ViewControl */ = {
			isa = PBXGroup;
			children = (
				132BABD819C11F1C007C8ECD /* AMAppDelegate.h */,
				132BABD919C11F1C007C8ECD /* AMAppDelegate.m */,
				132BABF819C121C7007C8ECD /* AMSImpleView.h */,
				132BABF919C121C7007C8ECD /* AMSImpleView.m */,
				132BABDB19C11F1C007C8ECD /* Images.xcassets */,
				132BABD019C11F1C007C8ECD /* Supporting Files */,
			);
			path = ViewControl;
			sourceTree = "<group>";
		};
		132BABD019C11F1C007C8ECD /* Supporting Files */ = {
			isa = PBXGroup;
			children = (
				132BABD119C11F1C007C8ECD /* ViewControl-Info.plist */,
				132BABD219C11F1C007C8ECD /* InfoPlist.strings */,
				132BABD519C11F1C007C8ECD /* main.m */,
				132BABD719C11F1C007C8ECD /* ViewControl-Prefix.pch */,
			);
			name = "Supporting Files";
			sourceTree = "<group>";
		};
		132BABE819C11F1C007C8ECD /* ViewControlTests */ = {
			isa = PBXGroup;
			children = (
				132BABEE19C11F1C007C8ECD /* ViewControlTests.m */,
				132BABE919C11F1C007C8ECD /* Supporting Files */,
			);
			path = ViewControlTests;
			sourceTree = "<group>";
		};
		132BABE919C11F1C007C8ECD /* Supporting Files */ = {
			isa = PBXGroup;
			children = (
				132BABEA19C11F1C007C8ECD /* ViewControlTests-Info.plist */,
				132BABEB19C11F1C007C8ECD /* InfoPlist.strings */,
			);
			name = "Supporting Files";
			sourceTree = "<group>";
		};
/* End PBXGroup section */

/* Begin PBXNativeTarget section */
		132BABC519C11F1C007C8ECD /* ViewControl */ = {
			isa = PBXNativeTarget;
			buildConfigurationList = 132BABF219C11F1C007C8ECD /* Build configuration list for PBXNativeTarget "ViewControl" */;
			buildPhases = (
				132BABC219C11F1C007C8ECD /* Sources */,
				132BABC319C11F1C007C8ECD /* Frameworks */,
				132BABC419C11F1C007C8ECD /* Resources */,
			);
			buildRules = (
			);
			dependencies = (
			);
			name = ViewControl;
			productName = ViewControl;
			productReference = 132BABC619C11F1C007C8ECD /* ViewControl.app */;
			productType = "com.apple.product-type.application";
		};
		132BABE019C11F1C007C8ECD /* ViewControlTests */ = {
			isa = PBXNativeTarget;
			buildConfigurationList = 132BABF519C11F1C007C8ECD /* Build configuration list for PBXNativeTarget "ViewControlTests" */;
			buildPhases = (
				132BABDD19C11F1C007C8ECD /* Sources */,
				132BABDE19C11F1C007C8ECD /* Frameworks */,
				132BABDF19C11F1C007C8ECD /* Resources */,
			);
			buildRules = (
			);
			dependencies = (
				132BABE719C11F1C007C8ECD /* PBXTargetDependency */,
			);
			name = ViewControlTests;
			productName = ViewControlTests;
			productReference = 132BABE119C11F1C007C8ECD /* ViewControlTests.xctest */;
			productType = "com.apple.product-type.bundle.unit-test";
		};
/* End PBXNativeTarget section */

/* Begin PBXProject section */
		132BABBE19C11F1C007C8ECD /* Project object */ = {
			isa = PBXProject;
			attributes = {
				CLASSPREFIX = AM;
				LastUpgradeCheck = 0510;
				ORGANIZATIONNAME = "Alejandro Mendoza";
				TargetAttributes = {
					132BABE019C11F1C007C8ECD = {
						TestTargetID = 132BABC519C11F1C007C8ECD;
					};
				};
			};
			buildConfigurationList = 132BABC119C11F1C007C8ECD /* Build configuration list for PBXProject "ViewControl" */;
			compatibilityVersion = "Xcode 3.2";
			developmentRegion = English;
			hasScannedForEncodings = 0;
			knownRegions = (
				en,
			);
			mainGroup = 132BABBD19C11F1C007C8ECD;
			productRefGroup = 132BABC719C11F1C007C8ECD /* Products */;
			projectDirPath = "";
			projectRoot = "";
			targets = (
				132BABC519C11F1C007C8ECD /* ViewControl */,
				132BABE019C11F1C007C8ECD /* ViewControlTests */,
			);
		};
/* End PBXProject section */

/* Begin PBXResourcesBuildPhase section */
		132BABC419C11F1C007C8ECD /* Resources */ = {
			isa = PBXResourcesBuildPhase;
			buildActionMask = 2147483647;
			files = (
				132BABD419C11F1C007C8ECD /* InfoPlist.strings in Resources */,
				132BABDC19C11F1C007C8ECD /* Images.xcassets in Resources */,
			);
			runOnlyForDeploymentPostprocessing = 0;
		};
		132BABDF19C11F1C007C8ECD /* Resources */ = {
			isa = PBXResourcesBuildPhase;
			buildActionMask = 2147483647;
			files = (
				132BABED19C11F1C007C8ECD /* InfoPlist.strings in Resources */,
			);
			runOnlyForDeploymentPostprocessing = 0;
		};
/* End PBXResourcesBuildPhase section */

/* Begin PBXSourcesBuildPhase section */
		132BABC219C11F1C007C8ECD /* Sources */ = {
			isa = PBXSourcesBuildPhase;
			buildActionMask = 2147483647;
			files = (
				132BABDA19C11F1C007C8ECD /* AMAppDelegate.m in Sources */,
				132BABD619C11F1C007C8ECD /* main.m in Sources */,
				132BABFA19C121C7007C8ECD /* AMSImpleView.m in Sources */,
			);
			runOnlyForDeploymentPostprocessing = 0;
		};
		132BABDD19C11F1C007C8ECD /* Sources */ = {
			isa = PBXSourcesBuildPhase;
			buildActionMask = 2147483647;
			files = (
				132BABEF19C11F1C007C8ECD /* ViewControlTests.m in Sources */,
			);
			runOnlyForDeploymentPostprocessing = 0;
		};
/* End PBXSourcesBuildPhase section */

/* Begin PBXTargetDependency section */
		132BABE719C11F1C007C8ECD /* PBXTargetDependency */ = {
			isa = PBXTargetDependency;
			target = 132BABC519C11F1C007C8ECD /* ViewControl */;
			targetProxy = 132BABE619C11F1C007C8ECD /* PBXContainerItemProxy */;
		};
/* End PBXTargetDependency section */

/* Begin PBXVariantGroup section */
		132BABD219C11F1C007C8ECD /* InfoPlist.strings */ = {
			isa = PBXVariantGroup;
			children = (
				132BABD319C11F1C007C8ECD /* en */,
			);
			name = InfoPlist.strings;
			sourceTree = "<group>";
		};
		132BABEB19C11F1C007C8ECD /* InfoPlist.strings */ = {
			isa = PBXVariantGroup;
			children = (
				132BABEC19C11F1C007C8ECD /* en */,
			);
			name = InfoPlist.strings;
			sourceTree = "<group>";
		};
/* End PBXVariantGroup section */

/* Begin XCBuildConfiguration section */
		132BABF019C11F1C007C8ECD /* Debug */ = {
			isa = XCBuildConfiguration;
			buildSettings = {
				ALWAYS_SEARCH_USER_PATHS = NO;
				CLANG_CXX_LANGUAGE_STANDARD = "gnu++0x";
				CLANG_CXX_LIBRARY = "libc++";
				CLANG_ENABLE_MODULES = YES;
				CLANG_ENABLE_OBJC_ARC = YES;
				CLANG_WARN_BOOL_CONVERSION = YES;
				CLANG_WARN_CONSTANT_CONVERSION = YES;
				CLANG_WARN_DIRECT_OBJC_ISA_USAGE = YES_ERROR;
				CLANG_WARN_EMPTY_BODY = YES;
				CLANG_WARN_ENUM_CONVERSION = YES;
				CLANG_WARN_INT_CONVERSION = YES;
				CLANG_WARN_OBJC_ROOT_CLASS = YES_ERROR;
				CLANG_WARN__DUPLICATE_METHOD_MATCH = YES;
				"CODE_SIGN_IDENTITY[sdk=iphoneos*]" = "iPhone Developer";
				COPY_PHASE_STRIP = NO;
				GCC_C_LANGUAGE_STANDARD = gnu99;
				GCC_DYNAMIC_NO_PIC = NO;
				GCC_OPTIMIZATION_LEVEL = 0;
				GCC_PREPROCESSOR_DEFINITIONS = (
					"DEBUG=1",
					"$(inherited)",
				);
				GCC_SYMBOLS_PRIVATE_EXTERN = NO;
				GCC_WARN_64_TO_32_BIT_CONVERSION = YES;
				GCC_WARN_ABOUT_RETURN_TYPE = YES_ERROR;
				GCC_WARN_UNDECLARED_SELECTOR = YES;
				GCC_WARN_UNINITIALIZED_AUTOS = YES_AGGRESSIVE;
				GCC_WARN_UNUSED_FUNCTION = YES;
				GCC_WARN_UNUSED_VARIABLE = YES;
				IPHONEOS_DEPLOYMENT_TARGET = 7.1;
				ONLY_ACTIVE_ARCH = YES;
				SDKROOT = iphoneos;
				TARGETED_DEVICE_FAMILY = "1,2";
			};
			name = Debug;
		};
		132BABF119C11F1C007C8ECD /* Release */ = {
			isa = XCBuildConfiguration;
			buildSettings = {
				ALWAYS_SEARCH_USER_PATHS = NO;
				CLANG_CXX_LANGUAGE_STANDARD = "gnu++0x";
				CLANG_CXX_LIBRARY = "libc++";
				CLANG_ENABLE_MODULES = YES;
				CLANG_ENABLE_OBJC_ARC = YES;
				CLANG_WARN_BOOL_CONVERSION = YES;
				CLANG_WARN_CONSTANT_CONVERSION = YES;
				CLANG_WARN_DIRECT_OBJC_ISA_USAGE = YES_ERROR;
				CLANG_WARN_EMPTY_BODY = YES;
				CLANG_WARN_ENUM_CONVERSION = YES;
				CLANG_WARN_INT_CONVERSION = YES;
				CLANG_WARN_OBJC_ROOT_CLASS = YES_ERROR;
				CLANG_WARN__DUPLICATE_METHOD_MATCH = YES;
				"CODE_SIGN_IDENTITY[sdk=iphoneos*]" = "iPhone Developer";
				COPY_PHASE_STRIP = YES;
				ENABLE_NS_ASSERTIONS = NO;
				GCC_C_LANGUAGE_STANDARD = gnu99;
				GCC_WARN_64_TO_32_BIT_CONVERSION = YES;
				GCC_WARN_ABOUT_RETURN_TYPE = YES_ERROR;
				GCC_WARN_UNDECLARED_SELECTOR = YES;
				GCC_WARN_UNINITIALIZED_AUTOS = YES_AGGRESSIVE;
				GCC_WARN_UNUSED_FUNCTION = YES;
				GCC_WARN_UNUSED_VARIABLE = YES;
				IPHONEOS_DEPLOYMENT_TARGET = 7.1;
				SDKROOT = iphoneos;
				TARGETED_DEVICE_FAMILY = "1,2";
				VALIDATE_PRODUCT = YES;
			};
			name = Release;
		};
		132BABF319C11F1C007C8ECD /* Debug */ = {
			isa = XCBuildConfiguration;
			buildSettings = {
				ASSETCATALOG_COMPILER_APPICON_NAME = AppIcon;
				ASSETCATALOG_COMPILER_LAUNCHIMAGE_NAME = LaunchImage;
				CODE_SIGN_IDENTITY = "iPhone Developer";
				GCC_PRECOMPILE_PREFIX_HEADER = YES;
				GCC_PREFIX_HEADER = "ViewControl/ViewControl-Prefix.pch";
				INFOPLIST_FILE = "ViewControl/ViewControl-Info.plist";
				PRODUCT_NAME = "$(TARGET_NAME)";
				WRAPPER_EXTENSION = app;
			};
			name = Debug;
		};
		132BABF419C11F1C007C8ECD /* Release */ = {
			isa = XCBuildConfiguration;
			buildSettings = {
				ASSETCATALOG_COMPILER_APPICON_NAME = AppIcon;
				ASSETCATALOG_COMPILER_LAUNCHIMAGE_NAME = LaunchImage;
				CODE_SIGN_IDENTITY = "iPhone Developer";
				GCC_PRECOMPILE_PREFIX_HEADER = YES;
				GCC_PREFIX_HEADER = "ViewControl/ViewControl-Prefix.pch";
				INFOPLIST_FILE = "ViewControl/ViewControl-Info.plist";
				PRODUCT_NAME = "$(TARGET_NAME)";
				WRAPPER_EXTENSION = app;
			};
			name = Release;
		};
		132BABF619C11F1C007C8ECD /* Debug */ = {
			isa = XCBuildConfiguration;
			buildSettings = {
				BUNDLE_LOADER = "$(BUILT_PRODUCTS_DIR)/ViewControl.app/ViewControl";
				FRAMEWORK_SEARCH_PATHS = (
					"$(SDKROOT)/Developer/Library/Frameworks",
					"$(inherited)",
					"$(DEVELOPER_FRAMEWORKS_DIR)",
				);
				GCC_PRECOMPILE_PREFIX_HEADER = YES;
				GCC_PREFIX_HEADER = "ViewControl/ViewControl-Prefix.pch";
				GCC_PREPROCESSOR_DEFINITIONS = (
					"DEBUG=1",
					"$(inherited)",
				);
				INFOPLIST_FILE = "ViewControlTests/ViewControlTests-Info.plist";
				PRODUCT_NAME = "$(TARGET_NAME)";
				TEST_HOST = "$(BUNDLE_LOADER)";
				WRAPPER_EXTENSION = xctest;
			};
			name = Debug;
		};
		132BABF719C11F1C007C8ECD /* Release */ = {
			isa = XCBuildConfiguration;
			buildSettings = {
				BUNDLE_LOADER = "$(BUILT_PRODUCTS_DIR)/ViewControl.app/ViewControl";
				FRAMEWORK_SEARCH_PATHS = (
					"$(SDKROOT)/Developer/Library/Frameworks",
					"$(inherited)",
					"$(DEVELOPER_FRAMEWORKS_DIR)",
				);
				GCC_PRECOMPILE_PREFIX_HEADER = YES;
				GCC_PREFIX_HEADER = "ViewControl/ViewControl-Prefix.pch";
				INFOPLIST_FILE = "ViewControlTests/ViewControlTests-Info.plist";
				PRODUCT_NAME = "$(TARGET_NAME)";
				TEST_HOST = "$(BUNDLE_LOADER)";
				WRAPPER_EXTENSION = xctest;
			};
			name = Release;
		};
/* End XCBuildConfiguration section */

/* Begin XCConfigurationList section */
		132BABC119C11F1C007C8ECD /* Build configuration list for PBXProject "ViewControl" */ = {
			isa = XCConfigurationList;
			buildConfigurations = (
				132BABF019C11F1C007C8ECD /* Debug */,
				132BABF119C11F1C007C8ECD /* Release */,
			);
			defaultConfigurationIsVisible = 0;
			defaultConfigurationName = Release;
		};
		132BABF219C11F1C007C8ECD /* Build configuration list for PBXNativeTarget "ViewControl" */ = {
			isa = XCConfigurationList;
			buildConfigurations = (
				132BABF319C11F1C007C8ECD /* Debug */,
				132BABF419C11F1C007C8ECD /* Release */,
			);
			defaultConfigurationIsVisible = 0;
		};
		132BABF519C11F1C007C8ECD /* Build configuration list for PBXNativeTarget "ViewControlTests" */ = {
			isa = XCConfigurationList;
			buildConfigurations = (
				132BABF619C11F1C007C8ECD /* Debug */,
				132BABF719C11F1C007C8ECD /* Release */,
			);
			defaultConfigurationIsVisible = 0;
		};
/* End XCConfigurationList section */
	};
	rootObject = 132BABBE19C11F1C007C8ECD /* Project object */;
}
